
Microsoft Visual Studio Solution File, Format Version 12.00
# Visual Studio Version 17
VisualStudioVersion = 17.3.32929.385
MinimumVisualStudioVersion = 10.0.40219.1
Project("{9A19103F-16F7-4668-BE54-9A1E7A4F7556}") = "SikuliSharp-Example", "SikuliSharp-Example-main\SikuliSharp-Example.csproj", "{3156F6C6-7F3E-4FBE-9D79-8EAEFA6070F4}"
EndProject
Project("{9A19103F-16F7-4668-BE54-9A1E7A4F7556}") = "LastWarMacro", "LastWarMacro\LastWarMacro.csproj", "{28B327BD-8EBF-4683-8886-BCDC1093495A}"
EndProject
Global
	GlobalSection(SolutionConfigurationPlatforms) = preSolution
		Debug|Any CPU = Debug|Any CPU
		Release|Any CPU = Release|Any CPU
	EndGlobalSection
	GlobalSection(ProjectConfigurationPlatforms) = postSolution
		{3156F6C6-7F3E-4FBE-9D79-8EAEFA6070F4}.Debug|Any CPU.ActiveCfg = Debug|Any CPU
		{3156F6C6-7F3E-4FBE-9D79-8EAEFA6070F4}.Debug|Any CPU.Build.0 = Debug|Any CPU
		{3156F6C6-7F3E-4FBE-9D79-8EAEFA6070F4}.Release|Any CPU.ActiveCfg = Release|Any CPU
		{3156F6C6-7F3E-4FBE-9D79-8EAEFA6070F4}.Release|Any CPU.Build.0 = Release|Any CPU
		{28B327BD-8EBF-4683-8886-BCDC1093495A}.Debug|Any CPU.ActiveCfg = Debug|Any CPU
		{28B327BD-8EBF-4683-8886-BCDC1093495A}.Debug|Any CPU.Build.0 = Debug|Any CPU
		{28B327BD-8EBF-4683-8886-BCDC1093495A}.Release|Any CPU.ActiveCfg = Release|Any CPU
		{28B327BD-8EBF-4683-8886-BCDC1093495A}.Release|Any CPU.Build.0 = Release|Any CPU
	EndGlobalSection
	GlobalSection(SolutionProperties) = preSolution
		HideSolutionNode = FALSE
	EndGlobalSection
	GlobalSection(ExtensibilityGlobals) = postSolution
		SolutionGuid = {465FE3E9-7368-4346-B55A-45C239CE2A61}
	EndGlobalSection
EndGlobal
